
Microsoft Visual Studio Solution File, Format Version 12.00
# Visual Studio 2013
VisualStudioVersion = 12.0.30723.0
MinimumVisualStudioVersion = 10.0.40219.1
Project("{2150E333-8FDC-42A3-9474-1A3956D46DE8}") = "Solution Items", "Solution Items", "{1E26B6B0-3025-45DC-A6E1-9940E9D971A4}"
	ProjectSection(SolutionItems) = preProject
		README.md = README.md
	EndProjectSection
EndProject
Project("{FAE04EC0-301F-11D3-BF4B-00C04F79EFBC}") = "sprd-net-api", "sprd-net-api\sprd-net-api.csproj", "{817AA377-9D7A-4AC9-A8F9-F445B6327E53}"
EndProject
Project("{FAE04EC0-301F-11D3-BF4B-00C04F79EFBC}") = "sprd-net-api-tests", "sprd-net-api-tests\sprd-net-api-tests.csproj", "{08341D16-F27E-4880-8773-2DAD5744F46E}"
EndProject
Global
	GlobalSection(SolutionConfigurationPlatforms) = preSolution
		Debug|Any CPU = Debug|Any CPU
		Release|Any CPU = Release|Any CPU
	EndGlobalSection
	GlobalSection(ProjectConfigurationPlatforms) = postSolution
		{817AA377-9D7A-4AC9-A8F9-F445B6327E53}.Debug|Any CPU.ActiveCfg = Debug|Any CPU
		{817AA377-9D7A-4AC9-A8F9-F445B6327E53}.Debug|Any CPU.Build.0 = Debug|Any CPU
		{817AA377-9D7A-4AC9-A8F9-F445B6327E53}.Release|Any CPU.ActiveCfg = Release|Any CPU
		{817AA377-9D7A-4AC9-A8F9-F445B6327E53}.Release|Any CPU.Build.0 = Release|Any CPU
		{08341D16-F27E-4880-8773-2DAD5744F46E}.Debug|Any CPU.ActiveCfg = Debug|Any CPU
		{08341D16-F27E-4880-8773-2DAD5744F46E}.Debug|Any CPU.Build.0 = Debug|Any CPU
		{08341D16-F27E-4880-8773-2DAD5744F46E}.Release|Any CPU.ActiveCfg = Release|Any CPU
		{08341D16-F27E-4880-8773-2DAD5744F46E}.Release|Any CPU.Build.0 = Release|Any CPU
	EndGlobalSection
	GlobalSection(SolutionProperties) = preSolution
		HideSolutionNode = FALSE
	EndGlobalSection
EndGlobal
